
Microsoft Visual Studio Solution File, Format Version 12.00
# Visual Studio 15
VisualStudioVersion = 15.0.28010.2050
MinimumVisualStudioVersion = 10.0.40219.1
Project("{9A19103F-16F7-4668-BE54-9A1E7A4F7556}") = "BSharp", "BSharp\BSharp.csproj", "{94FB2436-EC57-4997-B8A7-D1C8621DD14D}"
EndProject
Project("{FAE04EC0-301F-11D3-BF4B-00C04F79EFBC}") = "BSharp.IntegrationTests", "BSharp.IntegrationTests\BSharp.IntegrationTests.csproj", "{1CE3D080-8BDA-46D9-B00A-996D0EE53E6D}"
EndProject
Global
	GlobalSection(SolutionConfigurationPlatforms) = preSolution
		Debug|Any CPU = Debug|Any CPU
		Release|Any CPU = Release|Any CPU
	EndGlobalSection
	GlobalSection(ProjectConfigurationPlatforms) = postSolution
		{94FB2436-EC57-4997-B8A7-D1C8621DD14D}.Debug|Any CPU.ActiveCfg = Debug|Any CPU
		{94FB2436-EC57-4997-B8A7-D1C8621DD14D}.Debug|Any CPU.Build.0 = Debug|Any CPU
		{94FB2436-EC57-4997-B8A7-D1C8621DD14D}.Release|Any CPU.ActiveCfg = Release|Any CPU
		{94FB2436-EC57-4997-B8A7-D1C8621DD14D}.Release|Any CPU.Build.0 = Release|Any CPU
		{1CE3D080-8BDA-46D9-B00A-996D0EE53E6D}.Debug|Any CPU.ActiveCfg = Debug|Any CPU
		{1CE3D080-8BDA-46D9-B00A-996D0EE53E6D}.Debug|Any CPU.Build.0 = Debug|Any CPU
		{1CE3D080-8BDA-46D9-B00A-996D0EE53E6D}.Release|Any CPU.ActiveCfg = Release|Any CPU
		{1CE3D080-8BDA-46D9-B00A-996D0EE53E6D}.Release|Any CPU.Build.0 = Release|Any CPU
	EndGlobalSection
	GlobalSection(SolutionProperties) = preSolution
		HideSolutionNode = FALSE
	EndGlobalSection
	GlobalSection(ExtensibilityGlobals) = postSolution
		SolutionGuid = {6A0E140B-FBB2-43B3-8968-3D850303A54D}
	EndGlobalSection
EndGlobal
